
Microsoft Visual Studio Solution File, Format Version 12.00
# Visual Studio 15
VisualStudioVersion = 15.0.28307.705
MinimumVisualStudioVersion = 10.0.40219.1
Project("{FAE04EC0-301F-11D3-BF4B-00C04F79EFBC}") = "Bio", "Bio\Bio.csproj", "{810131D5-AF51-49A7-8216-1B4979C9B35A}"
EndProject
Global
	GlobalSection(SolutionConfigurationPlatforms) = preSolution
		Debug|Any CPU = Debug|Any CPU
		Release|Any CPU = Release|Any CPU
	EndGlobalSection
	GlobalSection(ProjectConfigurationPlatforms) = postSolution
		{810131D5-AF51-49A7-8216-1B4979C9B35A}.Debug|Any CPU.ActiveCfg = Debug|Any CPU
		{810131D5-AF51-49A7-8216-1B4979C9B35A}.Debug|Any CPU.Build.0 = Debug|Any CPU
		{810131D5-AF51-49A7-8216-1B4979C9B35A}.Release|Any CPU.ActiveCfg = Release|Any CPU
		{810131D5-AF51-49A7-8216-1B4979C9B35A}.Release|Any CPU.Build.0 = Release|Any CPU
	EndGlobalSection
	GlobalSection(SolutionProperties) = preSolution
		HideSolutionNode = FALSE
	EndGlobalSection
	GlobalSection(ExtensibilityGlobals) = postSolution
		SolutionGuid = {066A335B-2C5F-40CD-A9C2-CD930D5F2FD0}
	EndGlobalSection
EndGlobal
