
Microsoft Visual Studio Solution File, Format Version 12.00
# Visual Studio 15
VisualStudioVersion = 15.0.28307.705
MinimumVisualStudioVersion = 10.0.40219.1
Project("{FAE04EC0-301F-11D3-BF4B-00C04F79EFBC}") = "WarrenC_RestaurantReservations", "WarrenC_RestaurantReservations\WarrenC_RestaurantReservations.csproj", "{FEFB4800-E1BA-4FE5-A931-ACBB181602E0}"
EndProject
Global
	GlobalSection(SolutionConfigurationPlatforms) = preSolution
		Debug|Any CPU = Debug|Any CPU
		Release|Any CPU = Release|Any CPU
	EndGlobalSection
	GlobalSection(ProjectConfigurationPlatforms) = postSolution
		{FEFB4800-E1BA-4FE5-A931-ACBB181602E0}.Debug|Any CPU.ActiveCfg = Debug|Any CPU
		{FEFB4800-E1BA-4FE5-A931-ACBB181602E0}.Debug|Any CPU.Build.0 = Debug|Any CPU
		{FEFB4800-E1BA-4FE5-A931-ACBB181602E0}.Release|Any CPU.ActiveCfg = Release|Any CPU
		{FEFB4800-E1BA-4FE5-A931-ACBB181602E0}.Release|Any CPU.Build.0 = Release|Any CPU
	EndGlobalSection
	GlobalSection(SolutionProperties) = preSolution
		HideSolutionNode = FALSE
	EndGlobalSection
	GlobalSection(ExtensibilityGlobals) = postSolution
		SolutionGuid = {45F975A4-9748-4F9E-A04B-F1452E8E9B68}
	EndGlobalSection
EndGlobal
