
Microsoft Visual Studio Solution File, Format Version 12.00
# Visual Studio 15
VisualStudioVersion = 15.0.28307.757
MinimumVisualStudioVersion = 10.0.40219.1
Project("{FAE04EC0-301F-11D3-BF4B-00C04F79EFBC}") = "ReusableComponentsDemo", "ReusableComponentsDemo\ReusableComponentsDemo.csproj", "{702A9FAC-06F0-4DEB-8D65-091FDEBE479E}"
EndProject
Global
	GlobalSection(SolutionConfigurationPlatforms) = preSolution
		Debug|Any CPU = Debug|Any CPU
		Release|Any CPU = Release|Any CPU
	EndGlobalSection
	GlobalSection(ProjectConfigurationPlatforms) = postSolution
		{702A9FAC-06F0-4DEB-8D65-091FDEBE479E}.Debug|Any CPU.ActiveCfg = Debug|Any CPU
		{702A9FAC-06F0-4DEB-8D65-091FDEBE479E}.Debug|Any CPU.Build.0 = Debug|Any CPU
		{702A9FAC-06F0-4DEB-8D65-091FDEBE479E}.Release|Any CPU.ActiveCfg = Release|Any CPU
		{702A9FAC-06F0-4DEB-8D65-091FDEBE479E}.Release|Any CPU.Build.0 = Release|Any CPU
	EndGlobalSection
	GlobalSection(SolutionProperties) = preSolution
		HideSolutionNode = FALSE
	EndGlobalSection
	GlobalSection(ExtensibilityGlobals) = postSolution
		SolutionGuid = {51054FC8-7075-44AF-BCD4-B313DC1B1AE7}
	EndGlobalSection
EndGlobal
