
Microsoft Visual Studio Solution File, Format Version 12.00
# Visual Studio 15
VisualStudioVersion = 15.0.28307.705
MinimumVisualStudioVersion = 10.0.40219.1
Project("{FAE04EC0-301F-11D3-BF4B-00C04F79EFBC}") = "ScratchMVCCore", "ScratchMVCCore\ScratchMVCCore.csproj", "{B5D310CF-EF91-4F9C-A6C0-A9D7B97F9708}"
EndProject
Global
	GlobalSection(SolutionConfigurationPlatforms) = preSolution
		Debug|Any CPU = Debug|Any CPU
		Release|Any CPU = Release|Any CPU
	EndGlobalSection
	GlobalSection(ProjectConfigurationPlatforms) = postSolution
		{B5D310CF-EF91-4F9C-A6C0-A9D7B97F9708}.Debug|Any CPU.ActiveCfg = Debug|Any CPU
		{B5D310CF-EF91-4F9C-A6C0-A9D7B97F9708}.Debug|Any CPU.Build.0 = Debug|Any CPU
		{B5D310CF-EF91-4F9C-A6C0-A9D7B97F9708}.Release|Any CPU.ActiveCfg = Release|Any CPU
		{B5D310CF-EF91-4F9C-A6C0-A9D7B97F9708}.Release|Any CPU.Build.0 = Release|Any CPU
	EndGlobalSection
	GlobalSection(SolutionProperties) = preSolution
		HideSolutionNode = FALSE
	EndGlobalSection
	GlobalSection(ExtensibilityGlobals) = postSolution
		SolutionGuid = {E8A689F9-4A5F-4E03-8851-190DD00062D1}
	EndGlobalSection
EndGlobal
